
Microsoft Visual Studio Solution File, Format Version 9.00
# Visual Studio 2005
Project("{8BC9CEB8-8B4A-11D0-8D11-00A0C91BC942}") = "HiHeap", "HiHeap.vcproj", "{959789A2-F0F4-40CB-A0ED-C8DF4076FC04}"
EndProject
Global
	GlobalSection(SolutionConfigurationPlatforms) = preSolution
		Debug|Win32 = Debug|Win32
		Release|Win32 = Release|Win32
	EndGlobalSection
	GlobalSection(ProjectConfigurationPlatforms) = postSolution
		{959789A2-F0F4-40CB-A0ED-C8DF4076FC04}.Debug|Win32.ActiveCfg = Debug|Win32
		{959789A2-F0F4-40CB-A0ED-C8DF4076FC04}.Debug|Win32.Build.0 = Debug|Win32
		{959789A2-F0F4-40CB-A0ED-C8DF4076FC04}.Release|Win32.ActiveCfg = Release|Win32
		{959789A2-F0F4-40CB-A0ED-C8DF4076FC04}.Release|Win32.Build.0 = Release|Win32
	EndGlobalSection
	GlobalSection(SolutionProperties) = preSolution
		HideSolutionNode = FALSE
	EndGlobalSection
EndGlobal
