
Microsoft Visual Studio Solution File, Format Version 9.00
# Visual Studio 2005
Project("{8BC9CEB8-8B4A-11D0-8D11-00A0C91BC942}") = "HelloVC8", "HelloVC8\HelloVC8.vcproj", "{A023E998-8E6A-426D-8750-3F4033181442}"
EndProject
Global
	GlobalSection(SolutionConfigurationPlatforms) = preSolution
		Debug|Win32 = Debug|Win32
		Release|Win32 = Release|Win32
	EndGlobalSection
	GlobalSection(ProjectConfigurationPlatforms) = postSolution
		{A023E998-8E6A-426D-8750-3F4033181442}.Debug|Win32.ActiveCfg = Debug|Win32
		{A023E998-8E6A-426D-8750-3F4033181442}.Debug|Win32.Build.0 = Debug|Win32
		{A023E998-8E6A-426D-8750-3F4033181442}.Release|Win32.ActiveCfg = Release|Win32
		{A023E998-8E6A-426D-8750-3F4033181442}.Release|Win32.Build.0 = Release|Win32
	EndGlobalSection
	GlobalSection(SolutionProperties) = preSolution
		HideSolutionNode = FALSE
	EndGlobalSection
EndGlobal
